
Microsoft Visual Studio Solution File, Format Version 12.00
# Visual Studio Version 17
VisualStudioVersion = 17.4.33213.308
MinimumVisualStudioVersion = 10.0.40219.1
Project("{9A19103F-16F7-4668-BE54-9A1E7A4F7556}") = "alasos", "alasos\alasos.csproj", "{15B85886-E4E2-4679-9E3A-AB0AA6054C54}"
EndProject
Global
	GlobalSection(SolutionConfigurationPlatforms) = preSolution
		Debug|Any CPU = Debug|Any CPU
		Release|Any CPU = Release|Any CPU
	EndGlobalSection
	GlobalSection(ProjectConfigurationPlatforms) = postSolution
		{15B85886-E4E2-4679-9E3A-AB0AA6054C54}.Debug|Any CPU.ActiveCfg = Debug|Any CPU
		{15B85886-E4E2-4679-9E3A-AB0AA6054C54}.Debug|Any CPU.Build.0 = Debug|Any CPU
		{15B85886-E4E2-4679-9E3A-AB0AA6054C54}.Release|Any CPU.ActiveCfg = Release|Any CPU
		{15B85886-E4E2-4679-9E3A-AB0AA6054C54}.Release|Any CPU.Build.0 = Release|Any CPU
	EndGlobalSection
	GlobalSection(SolutionProperties) = preSolution
		HideSolutionNode = FALSE
	EndGlobalSection
	GlobalSection(ExtensibilityGlobals) = postSolution
		SolutionGuid = {793BCEDD-E3EB-4B2B-9AA7-56695AA54AE3}
	EndGlobalSection
EndGlobal
